
Microsoft Visual Studio Solution File, Format Version 12.00
# Visual Studio Version 16
VisualStudioVersion = 16.0.32407.337
MinimumVisualStudioVersion = 10.0.40219.1
Project("{9A19103F-16F7-4668-BE54-9A1E7A4F7556}") = "BoardCore", "BoardCore\BoardCore.csproj", "{D282F3D8-911C-4E5A-9F9D-097C1966041D}"
	ProjectSection(ProjectDependencies) = postProject
		{3F504275-ED9E-4FAB-963B-6B0FA142F081} = {3F504275-ED9E-4FAB-963B-6B0FA142F081}
		{485C57F6-6FFC-48C0-9813-B0CFD27A95BF} = {485C57F6-6FFC-48C0-9813-B0CFD27A95BF}
	EndProjectSection
EndProject
Project("{9A19103F-16F7-4668-BE54-9A1E7A4F7556}") = "Service", "Service\Service.csproj", "{485C57F6-6FFC-48C0-9813-B0CFD27A95BF}"
	ProjectSection(ProjectDependencies) = postProject
		{D2727432-A283-4EF7-95EE-83211DA756BF} = {D2727432-A283-4EF7-95EE-83211DA756BF}
		{9600C8F5-64A3-4D9B-A364-4F4C478121D6} = {9600C8F5-64A3-4D9B-A364-4F4C478121D6}
	EndProjectSection
EndProject
Project("{9A19103F-16F7-4668-BE54-9A1E7A4F7556}") = "IService", "IService\IService.csproj", "{D2727432-A283-4EF7-95EE-83211DA756BF}"
	ProjectSection(ProjectDependencies) = postProject
		{7F2232E1-2A1B-42FB-8D87-3D54E538FACF} = {7F2232E1-2A1B-42FB-8D87-3D54E538FACF}
	EndProjectSection
EndProject
Project("{9A19103F-16F7-4668-BE54-9A1E7A4F7556}") = "Repository", "Repository\Repository.csproj", "{9600C8F5-64A3-4D9B-A364-4F4C478121D6}"
	ProjectSection(ProjectDependencies) = postProject
		{1E618A52-20BE-4131-8E32-0EC073924C9B} = {1E618A52-20BE-4131-8E32-0EC073924C9B}
		{3F504275-ED9E-4FAB-963B-6B0FA142F081} = {3F504275-ED9E-4FAB-963B-6B0FA142F081}
		{7F2232E1-2A1B-42FB-8D87-3D54E538FACF} = {7F2232E1-2A1B-42FB-8D87-3D54E538FACF}
	EndProjectSection
EndProject
Project("{9A19103F-16F7-4668-BE54-9A1E7A4F7556}") = "IRepository", "IRepository\IRepository.csproj", "{1E618A52-20BE-4131-8E32-0EC073924C9B}"
	ProjectSection(ProjectDependencies) = postProject
		{7F2232E1-2A1B-42FB-8D87-3D54E538FACF} = {7F2232E1-2A1B-42FB-8D87-3D54E538FACF}
	EndProjectSection
EndProject
Project("{9A19103F-16F7-4668-BE54-9A1E7A4F7556}") = "Models", "Models\Models.csproj", "{7F2232E1-2A1B-42FB-8D87-3D54E538FACF}"
EndProject
Project("{9A19103F-16F7-4668-BE54-9A1E7A4F7556}") = "Common", "Common\Common.csproj", "{3F504275-ED9E-4FAB-963B-6B0FA142F081}"
	ProjectSection(ProjectDependencies) = postProject
		{7F2232E1-2A1B-42FB-8D87-3D54E538FACF} = {7F2232E1-2A1B-42FB-8D87-3D54E538FACF}
	EndProjectSection
EndProject
Global
	GlobalSection(SolutionConfigurationPlatforms) = preSolution
		Debug|Any CPU = Debug|Any CPU
		Release|Any CPU = Release|Any CPU
	EndGlobalSection
	GlobalSection(ProjectConfigurationPlatforms) = postSolution
		{D282F3D8-911C-4E5A-9F9D-097C1966041D}.Debug|Any CPU.ActiveCfg = Debug|Any CPU
		{D282F3D8-911C-4E5A-9F9D-097C1966041D}.Debug|Any CPU.Build.0 = Debug|Any CPU
		{D282F3D8-911C-4E5A-9F9D-097C1966041D}.Release|Any CPU.ActiveCfg = Release|Any CPU
		{D282F3D8-911C-4E5A-9F9D-097C1966041D}.Release|Any CPU.Build.0 = Release|Any CPU
		{485C57F6-6FFC-48C0-9813-B0CFD27A95BF}.Debug|Any CPU.ActiveCfg = Debug|Any CPU
		{485C57F6-6FFC-48C0-9813-B0CFD27A95BF}.Debug|Any CPU.Build.0 = Debug|Any CPU
		{485C57F6-6FFC-48C0-9813-B0CFD27A95BF}.Release|Any CPU.ActiveCfg = Release|Any CPU
		{485C57F6-6FFC-48C0-9813-B0CFD27A95BF}.Release|Any CPU.Build.0 = Release|Any CPU
		{D2727432-A283-4EF7-95EE-83211DA756BF}.Debug|Any CPU.ActiveCfg = Debug|Any CPU
		{D2727432-A283-4EF7-95EE-83211DA756BF}.Debug|Any CPU.Build.0 = Debug|Any CPU
		{D2727432-A283-4EF7-95EE-83211DA756BF}.Release|Any CPU.ActiveCfg = Release|Any CPU
		{D2727432-A283-4EF7-95EE-83211DA756BF}.Release|Any CPU.Build.0 = Release|Any CPU
		{9600C8F5-64A3-4D9B-A364-4F4C478121D6}.Debug|Any CPU.ActiveCfg = Debug|Any CPU
		{9600C8F5-64A3-4D9B-A364-4F4C478121D6}.Debug|Any CPU.Build.0 = Debug|Any CPU
		{9600C8F5-64A3-4D9B-A364-4F4C478121D6}.Release|Any CPU.ActiveCfg = Release|Any CPU
		{9600C8F5-64A3-4D9B-A364-4F4C478121D6}.Release|Any CPU.Build.0 = Release|Any CPU
		{1E618A52-20BE-4131-8E32-0EC073924C9B}.Debug|Any CPU.ActiveCfg = Debug|Any CPU
		{1E618A52-20BE-4131-8E32-0EC073924C9B}.Debug|Any CPU.Build.0 = Debug|Any CPU
		{1E618A52-20BE-4131-8E32-0EC073924C9B}.Release|Any CPU.ActiveCfg = Release|Any CPU
		{1E618A52-20BE-4131-8E32-0EC073924C9B}.Release|Any CPU.Build.0 = Release|Any CPU
		{7F2232E1-2A1B-42FB-8D87-3D54E538FACF}.Debug|Any CPU.ActiveCfg = Debug|Any CPU
		{7F2232E1-2A1B-42FB-8D87-3D54E538FACF}.Debug|Any CPU.Build.0 = Debug|Any CPU
		{7F2232E1-2A1B-42FB-8D87-3D54E538FACF}.Release|Any CPU.ActiveCfg = Release|Any CPU
		{7F2232E1-2A1B-42FB-8D87-3D54E538FACF}.Release|Any CPU.Build.0 = Release|Any CPU
		{3F504275-ED9E-4FAB-963B-6B0FA142F081}.Debug|Any CPU.ActiveCfg = Debug|Any CPU
		{3F504275-ED9E-4FAB-963B-6B0FA142F081}.Debug|Any CPU.Build.0 = Debug|Any CPU
		{3F504275-ED9E-4FAB-963B-6B0FA142F081}.Release|Any CPU.ActiveCfg = Release|Any CPU
		{3F504275-ED9E-4FAB-963B-6B0FA142F081}.Release|Any CPU.Build.0 = Release|Any CPU
	EndGlobalSection
	GlobalSection(SolutionProperties) = preSolution
		HideSolutionNode = FALSE
	EndGlobalSection
	GlobalSection(ExtensibilityGlobals) = postSolution
		SolutionGuid = {D5E342F2-29D2-4E5D-B561-81B376AC9468}
	EndGlobalSection
EndGlobal
